
Microsoft Visual Studio Solution File, Format Version 12.00
# Visual Studio Version 17
VisualStudioVersion = 17.2.32602.215
MinimumVisualStudioVersion = 10.0.40219.1
Project("{FAE04EC0-301F-11D3-BF4B-00C04F79EFBC}") = "Bitcoinconv", "Bitcoinconv\Bitcoinconv.csproj", "{470DDD9F-C550-4DDA-B71B-010D27265703}"
EndProject
Project("{FAE04EC0-301F-11D3-BF4B-00C04F79EFBC}") = "BitcoinconvTest", "BitcoinconvTest\BitcoinconvTest.csproj", "{4524EE6C-42FA-42F3-B302-A9A4FD29A03F}"
EndProject
Global
	GlobalSection(SolutionConfigurationPlatforms) = preSolution
		Debug|Any CPU = Debug|Any CPU
		Release|Any CPU = Release|Any CPU
	EndGlobalSection
	GlobalSection(ProjectConfigurationPlatforms) = postSolution
		{470DDD9F-C550-4DDA-B71B-010D27265703}.Debug|Any CPU.ActiveCfg = Debug|Any CPU
		{470DDD9F-C550-4DDA-B71B-010D27265703}.Debug|Any CPU.Build.0 = Debug|Any CPU
		{470DDD9F-C550-4DDA-B71B-010D27265703}.Release|Any CPU.ActiveCfg = Release|Any CPU
		{470DDD9F-C550-4DDA-B71B-010D27265703}.Release|Any CPU.Build.0 = Release|Any CPU
		{4524EE6C-42FA-42F3-B302-A9A4FD29A03F}.Debug|Any CPU.ActiveCfg = Debug|Any CPU
		{4524EE6C-42FA-42F3-B302-A9A4FD29A03F}.Debug|Any CPU.Build.0 = Debug|Any CPU
		{4524EE6C-42FA-42F3-B302-A9A4FD29A03F}.Release|Any CPU.ActiveCfg = Release|Any CPU
		{4524EE6C-42FA-42F3-B302-A9A4FD29A03F}.Release|Any CPU.Build.0 = Release|Any CPU
	EndGlobalSection
	GlobalSection(SolutionProperties) = preSolution
		HideSolutionNode = FALSE
	EndGlobalSection
	GlobalSection(ExtensibilityGlobals) = postSolution
		SolutionGuid = {8CD485BA-9508-40E7-87A1-B0B4CB0AD286}
	EndGlobalSection
EndGlobal
